PODS:
  - Capacitor (7.0.1):
    - CapacitorCordova
  - CapacitorAdmobAds (5.0.0):
    - Capacitor
  - CapacitorApp (7.0.0):
    - Capacitor
  - CapacitorBrowser (7.0.0):
    - Capacitor
  - CapacitorCommunityStripe (7.0.0):
    - Capacitor
    - StripeApplePay (~> 24.4.1)
    - StripePaymentSheet (~> 24.4.1)
  - CapacitorCordova (7.0.1)
  - CapacitorHaptics (7.0.0):
    - Capacitor
  - CapacitorPushNotifications (7.0.0):
    - Capacitor
  - CapacitorSplashScreen (7.0.0):
    - Capacitor
  - CapacitorStatusBar (7.0.0):
    - Capacitor
  - FirebaseCore (11.8.1):
    - FirebaseCoreInternal (~> 11.8.0)
    - GoogleUtilities/Environment (~> 8.0)
    - GoogleUtilities/Logger (~> 8.0)
  - FirebaseCoreInternal (11.8.0):
    - "GoogleUtilities/NSData+zlib (~> 8.0)"
  - FirebaseInstallations (11.8.0):
    - FirebaseCore (~> 11.8.0)
    - GoogleUtilities/Environment (~> 8.0)
    - GoogleUtilities/UserDefaults (~> 8.0)
    - PromisesObjC (~> 2.4)
  - FirebaseMessaging (11.8.0):
    - FirebaseCore (~> 11.8.0)
    - FirebaseInstallations (~> 11.0)
    - GoogleDataTransport (~> 10.0)
    - GoogleUtilities/AppDelegateSwizzler (~> 8.0)
    - GoogleUtilities/Environment (~> 8.0)
    - GoogleUtilities/Reachability (~> 8.0)
    - GoogleUtilities/UserDefaults (~> 8.0)
    - nanopb (~> 3.30910.0)
  - GoogleDataTransport (10.1.0):
    - nanopb (~> 3.30910.0)
    - PromisesObjC (~> 2.4)
  - GoogleUtilities/AppDelegateSwizzler (8.0.2):
    - GoogleUtilities/Environment
    - GoogleUtilities/Logger
    - GoogleUtilities/Network
    - GoogleUtilities/Privacy
  - GoogleUtilities/Environment (8.0.2):
    - GoogleUtilities/Privacy
  - GoogleUtilities/Logger (8.0.2):
    - GoogleUtilities/Environment
    - GoogleUtilities/Privacy
  - GoogleUtilities/Network (8.0.2):
    - GoogleUtilities/Logger
    - "GoogleUtilities/NSData+zlib"
    - GoogleUtilities/Privacy
    - GoogleUtilities/Reachability
  - "GoogleUtilities/NSData+zlib (8.0.2)":
    - GoogleUtilities/Privacy
  - GoogleUtilities/Privacy (8.0.2)
  - GoogleUtilities/Reachability (8.0.2):
    - GoogleUtilities/Logger
    - GoogleUtilities/Privacy
  - GoogleUtilities/UserDefaults (8.0.2):
    - GoogleUtilities/Logger
    - GoogleUtilities/Privacy
  - nanopb (3.30910.0):
    - nanopb/decode (= 3.30910.0)
    - nanopb/encode (= 3.30910.0)
  - nanopb/decode (3.30910.0)
  - nanopb/encode (3.30910.0)
  - PromisesObjC (2.4.0)
  - SaundappKeyboard (7.0.0):
    - Capacitor
  - SaundappWidgetsbridge (0.0.6):
    - Capacitor
  - Sentry/HybridSDK (8.36.0)
  - SentryCapacitor (1.2.0):
    - Capacitor
    - Sentry/HybridSDK (= 8.36.0)
  - StripeApplePay (24.4.1):
    - StripeCore (= 24.4.1)
  - StripeCore (24.4.1)
  - StripePayments (24.4.1):
    - StripeCore (= 24.4.1)
    - StripePayments/Stripe3DS2 (= 24.4.1)
  - StripePayments/Stripe3DS2 (24.4.1):
    - StripeCore (= 24.4.1)
  - StripePaymentSheet (24.4.1):
    - StripeApplePay (= 24.4.1)
    - StripeCore (= 24.4.1)
    - StripePayments (= 24.4.1)
    - StripePaymentsUI (= 24.4.1)
  - StripePaymentsUI (24.4.1):
    - StripeCore (= 24.4.1)
    - StripePayments (= 24.4.1)
    - StripeUICore (= 24.4.1)
  - StripeUICore (24.4.1):
    - StripeCore (= 24.4.1)

DEPENDENCIES:
  - "Capacitor (from `../../../node_modules/@capacitor/ios`)"
  - CapacitorAdmobAds (from `../../../node_modules/capacitor-admob-ads`)
  - "CapacitorApp (from `../../../node_modules/@capacitor/app`)"
  - "CapacitorBrowser (from `../../../node_modules/@capacitor/browser`)"
  - "CapacitorCommunityStripe (from `../../../node_modules/@capacitor-community/stripe`)"
  - "CapacitorCordova (from `../../../node_modules/@capacitor/ios`)"
  - "CapacitorHaptics (from `../../../node_modules/@capacitor/haptics`)"
  - "CapacitorPushNotifications (from `../../../node_modules/@capacitor/push-notifications`)"
  - "CapacitorSplashScreen (from `../../../node_modules/@capacitor/splash-screen`)"
  - "CapacitorStatusBar (from `../../../node_modules/@capacitor/status-bar`)"
  - FirebaseMessaging
  - "SaundappKeyboard (from `../../../node_modules/@saundapp/keyboard`)"
  - "SaundappWidgetsbridge (from `../../../node_modules/@saundapp/widgetsbridge`)"
  - "SentryCapacitor (from `../../../node_modules/@sentry/capacitor`)"

SPEC REPOS:
  trunk:
    - FirebaseCore
    - FirebaseCoreInternal
    - FirebaseInstallations
    - FirebaseMessaging
    - GoogleDataTransport
    - GoogleUtilities
    - nanopb
    - PromisesObjC
    - Sentry
    - StripeApplePay
    - StripeCore
    - StripePayments
    - StripePaymentSheet
    - StripePaymentsUI
    - StripeUICore

EXTERNAL SOURCES:
  Capacitor:
    :path: "../../../node_modules/@capacitor/ios"
  CapacitorAdmobAds:
    :path: "../../../node_modules/capacitor-admob-ads"
  CapacitorApp:
    :path: "../../../node_modules/@capacitor/app"
  CapacitorBrowser:
    :path: "../../../node_modules/@capacitor/browser"
  CapacitorCommunityStripe:
    :path: "../../../node_modules/@capacitor-community/stripe"
  CapacitorCordova:
    :path: "../../../node_modules/@capacitor/ios"
  CapacitorHaptics:
    :path: "../../../node_modules/@capacitor/haptics"
  CapacitorPushNotifications:
    :path: "../../../node_modules/@capacitor/push-notifications"
  CapacitorSplashScreen:
    :path: "../../../node_modules/@capacitor/splash-screen"
  CapacitorStatusBar:
    :path: "../../../node_modules/@capacitor/status-bar"
  SaundappKeyboard:
    :path: "../../../node_modules/@saundapp/keyboard"
  SaundappWidgetsbridge:
    :path: "../../../node_modules/@saundapp/widgetsbridge"
  SentryCapacitor:
    :path: "../../../node_modules/@sentry/capacitor"

SPEC CHECKSUMS:
  Capacitor: de199cba6c8b20995428ad0b7cb0bc6ca625ffd4
  CapacitorAdmobAds: 1d41fe9c6ddd02046a7f29d89c4b1cbcf0006c6b
  CapacitorApp: 9cb31064a6c6bb2b1438583733a7bf45557fc1da
  CapacitorBrowser: 55c21db47416dcc8fc3b623e18fd7d09acb26081
  CapacitorCommunityStripe: 2101422ad8413bd516adbb2d41e685c6eed24451
  CapacitorCordova: 63d476958d5022d76f197031e8b7ea3519988c64
  CapacitorHaptics: 7be406a91e4eb87287f321c6c68e1709d6837b3a
  CapacitorPushNotifications: 2e0132cd2f1a5d696bcbfc3725c2b6ffcb9275d4
  CapacitorSplashScreen: 7e7a0a1113833032f196b3af6fa437baccacf5bc
  CapacitorStatusBar: a8c4c83ed2e973bdafb979e80e4b00d027832cb7
  FirebaseCore: 99fe0c4b44a39f37d99e6404e02009d2db5d718d
  FirebaseCoreInternal: df24ce5af28864660ecbd13596fc8dd3a8c34629
  FirebaseInstallations: 6c963bd2a86aca0481eef4f48f5a4df783ae5917
  FirebaseMessaging: 487b634ccdf6f7b7ff180fdcb2a9935490f764e8
  GoogleDataTransport: aae35b7ea0c09004c3797d53c8c41f66f219d6a7
  GoogleUtilities: 26a3abef001b6533cf678d3eb38fd3f614b7872d
  nanopb: fad817b59e0457d11a5dfbde799381cd727c1275
  PromisesObjC: f5707f49cb48b9636751c5b2e7d227e43fba9f47
  SaundappKeyboard: c693113a70868f871dcfdfac240da3bc5c304648
  SaundappWidgetsbridge: 9c31eb4773ec5ce1a12ed2d1030c4e05950515ed
  Sentry: f8374b5415bc38dfb5645941b3ae31230fbeae57
  SentryCapacitor: b9e6855ce50f35f58ed8b6cdca120ef466587c92
  StripeApplePay: e2adcc71d7a0a07e9de85e871eacf55ecce546a9
  StripeCore: a2c2f331cf2e105aaadda60416cf405da2d5232b
  StripePayments: 438ec8dc7320a7d601cb6152b88b37d4c34df161
  StripePaymentSheet: da0ee282723f3c0c87c52b5e5cc3eb7e1344eeb9
  StripePaymentsUI: 70414581d3d14089831e370008b705ef03c7cce0
  StripeUICore: f11561a53f81e210398b4f1bd75f1e87b101197d

PODFILE CHECKSUM: 4b45aa99066fe8cdb7211e8e4d2eb30c57dfdd48

COCOAPODS: 1.16.2
