PODS:
  - Capacitor (6.1.0):
    - CapacitorCordova
  - CapacitorAdmobAds (5.0.0):
    - Capacitor
  - CapacitorApp (6.0.0):
    - Capacitor
  - CapacitorBrowser (6.0.4):
    - Capacitor
  - CapacitorCommunityStripe (6.4.3):
    - Capacitor
    - StripeApplePay (~> 24.1.0)
    - StripePaymentSheet (~> 24.1.0)
  - CapacitorCordova (6.1.0)
  - CapacitorHaptics (6.0.2):
    - Capacitor
  - CapacitorPushNotifications (6.0.1):
    - Capacitor
  - CapacitorSplashScreen (6.0.1):
    - Capacitor
  - CapacitorStatusBar (6.0.2):
    - Capacitor
  - FirebaseCore (11.6.0):
    - FirebaseCoreInternal (~> 11.6.0)
    - GoogleUtilities/Environment (~> 8.0)
    - GoogleUtilities/Logger (~> 8.0)
  - FirebaseCoreInternal (11.6.0):
    - "GoogleUtilities/NSData+zlib (~> 8.0)"
  - FirebaseInstallations (11.6.0):
    - FirebaseCore (~> 11.6.0)
    - GoogleUtilities/Environment (~> 8.0)
    - GoogleUtilities/UserDefaults (~> 8.0)
    - PromisesObjC (~> 2.4)
  - FirebaseMessaging (11.6.0):
    - FirebaseCore (~> 11.6.0)
    - FirebaseInstallations (~> 11.0)
    - GoogleDataTransport (~> 10.0)
    - GoogleUtilities/AppDelegateSwizzler (~> 8.0)
    - GoogleUtilities/Environment (~> 8.0)
    - GoogleUtilities/Reachability (~> 8.0)
    - GoogleUtilities/UserDefaults (~> 8.0)
    - nanopb (~> 3.30910.0)
  - GoogleDataTransport (10.1.0):
    - nanopb (~> 3.30910.0)
    - PromisesObjC (~> 2.4)
  - GoogleUtilities/AppDelegateSwizzler (8.0.2):
    - GoogleUtilities/Environment
    - GoogleUtilities/Logger
    - GoogleUtilities/Network
    - GoogleUtilities/Privacy
  - GoogleUtilities/Environment (8.0.2):
    - GoogleUtilities/Privacy
  - GoogleUtilities/Logger (8.0.2):
    - GoogleUtilities/Environment
    - GoogleUtilities/Privacy
  - GoogleUtilities/Network (8.0.2):
    - GoogleUtilities/Logger
    - "GoogleUtilities/NSData+zlib"
    - GoogleUtilities/Privacy
    - GoogleUtilities/Reachability
  - "GoogleUtilities/NSData+zlib (8.0.2)":
    - GoogleUtilities/Privacy
  - GoogleUtilities/Privacy (8.0.2)
  - GoogleUtilities/Reachability (8.0.2):
    - GoogleUtilities/Logger
    - GoogleUtilities/Privacy
  - GoogleUtilities/UserDefaults (8.0.2):
    - GoogleUtilities/Logger
    - GoogleUtilities/Privacy
  - nanopb (3.30910.0):
    - nanopb/decode (= 3.30910.0)
    - nanopb/encode (= 3.30910.0)
  - nanopb/decode (3.30910.0)
  - nanopb/encode (3.30910.0)
  - PromisesObjC (2.4.0)
  - SaundappKeyboard (6.0.5):
    - Capacitor
  - SaundappWidgetsbridge (0.0.6):
    - Capacitor
  - Sentry/HybridSDK (8.36.0)
  - SentryCapacitor (1.1.0):
    - Capacitor
    - Sentry/HybridSDK (= 8.36.0)
  - StripeApplePay (24.1.3):
    - StripeCore (= 24.1.3)
  - StripeCore (24.1.3)
  - StripePayments (24.1.3):
    - StripeCore (= 24.1.3)
    - StripePayments/Stripe3DS2 (= 24.1.3)
  - StripePayments/Stripe3DS2 (24.1.3):
    - StripeCore (= 24.1.3)
  - StripePaymentSheet (24.1.3):
    - StripeApplePay (= 24.1.3)
    - StripeCore (= 24.1.3)
    - StripePayments (= 24.1.3)
    - StripePaymentsUI (= 24.1.3)
  - StripePaymentsUI (24.1.3):
    - StripeCore (= 24.1.3)
    - StripePayments (= 24.1.3)
    - StripeUICore (= 24.1.3)
  - StripeUICore (24.1.3):
    - StripeCore (= 24.1.3)

DEPENDENCIES:
  - "Capacitor (from `../../../node_modules/@capacitor/ios`)"
  - CapacitorAdmobAds (from `../../../node_modules/capacitor-admob-ads`)
  - "CapacitorApp (from `../../../node_modules/@capacitor/app`)"
  - "CapacitorBrowser (from `../../../node_modules/@capacitor/browser`)"
  - "CapacitorCommunityStripe (from `../../../node_modules/@capacitor-community/stripe`)"
  - "CapacitorCordova (from `../../../node_modules/@capacitor/ios`)"
  - "CapacitorHaptics (from `../../../node_modules/@capacitor/haptics`)"
  - "CapacitorPushNotifications (from `../../../node_modules/@capacitor/push-notifications`)"
  - "CapacitorSplashScreen (from `../../../node_modules/@capacitor/splash-screen`)"
  - "CapacitorStatusBar (from `../../../node_modules/@capacitor/status-bar`)"
  - FirebaseMessaging
  - "SaundappKeyboard (from `../../../node_modules/@saundapp/keyboard`)"
  - "SaundappWidgetsbridge (from `../../../node_modules/@saundapp/widgetsbridge`)"
  - "SentryCapacitor (from `../../../node_modules/@sentry/capacitor`)"

SPEC REPOS:
  trunk:
    - FirebaseCore
    - FirebaseCoreInternal
    - FirebaseInstallations
    - FirebaseMessaging
    - GoogleDataTransport
    - GoogleUtilities
    - nanopb
    - PromisesObjC
    - Sentry
    - StripeApplePay
    - StripeCore
    - StripePayments
    - StripePaymentSheet
    - StripePaymentsUI
    - StripeUICore

EXTERNAL SOURCES:
  Capacitor:
    :path: "../../../node_modules/@capacitor/ios"
  CapacitorAdmobAds:
    :path: "../../../node_modules/capacitor-admob-ads"
  CapacitorApp:
    :path: "../../../node_modules/@capacitor/app"
  CapacitorBrowser:
    :path: "../../../node_modules/@capacitor/browser"
  CapacitorCommunityStripe:
    :path: "../../../node_modules/@capacitor-community/stripe"
  CapacitorCordova:
    :path: "../../../node_modules/@capacitor/ios"
  CapacitorHaptics:
    :path: "../../../node_modules/@capacitor/haptics"
  CapacitorPushNotifications:
    :path: "../../../node_modules/@capacitor/push-notifications"
  CapacitorSplashScreen:
    :path: "../../../node_modules/@capacitor/splash-screen"
  CapacitorStatusBar:
    :path: "../../../node_modules/@capacitor/status-bar"
  SaundappKeyboard:
    :path: "../../../node_modules/@saundapp/keyboard"
  SaundappWidgetsbridge:
    :path: "../../../node_modules/@saundapp/widgetsbridge"
  SentryCapacitor:
    :path: "../../../node_modules/@sentry/capacitor"

SPEC CHECKSUMS:
  Capacitor: 3aff4dee0552f6badcd04f47ab3174387d71f47d
  CapacitorAdmobAds: 1d41fe9c6ddd02046a7f29d89c4b1cbcf0006c6b
  CapacitorApp: 30145f2ea2311e4f3744472119ec87d2ddf4c0a7
  CapacitorBrowser: 3413e46a583b6edc3f20448732a531078d6924c6
  CapacitorCommunityStripe: 3cbc443a4b401f74f32f44bf036be9ff668e4e9e
  CapacitorCordova: be703980ca797f847c3356f78fa175d21c8330c2
  CapacitorHaptics: 4fc15afe22b123d093e6ace24d95e8e3b1f261b9
  CapacitorPushNotifications: 36c5b49e33c5ab2b22e0dca04e37d69e359c0e63
  CapacitorSplashScreen: d2d8fe9541d7bebdf735839b89edf6e762cea969
  CapacitorStatusBar: b16799a26320ffa52f6c8b01737d5a95bbb8f3eb
  FirebaseCore: 48b0dd707581cf9c1a1220da68223fb0a562afaa
  FirebaseCoreInternal: d98ab91e2d80a56d7b246856a8885443b302c0c2
  FirebaseInstallations: efc0946fc756e4d22d8113f7c761948120322e8c
  FirebaseMessaging: e1aca1fcc23e8b9eddb0e33f375ff90944623021
  GoogleDataTransport: aae35b7ea0c09004c3797d53c8c41f66f219d6a7
  GoogleUtilities: 26a3abef001b6533cf678d3eb38fd3f614b7872d
  nanopb: fad817b59e0457d11a5dfbde799381cd727c1275
  PromisesObjC: f5707f49cb48b9636751c5b2e7d227e43fba9f47
  SaundappKeyboard: 598f8b06030113cc0749ec86bdb27f533e5bd459
  SaundappWidgetsbridge: 9c31eb4773ec5ce1a12ed2d1030c4e05950515ed
  Sentry: f8374b5415bc38dfb5645941b3ae31230fbeae57
  SentryCapacitor: eb8d0a602daca0ede2f361f122d17f645b0f83ae
  StripeApplePay: 78464d0dd9a61e3577eb9530a3710dc99137cb57
  StripeCore: d69d4c1d020ec0a2fe0061734cb216639ecbad71
  StripePayments: d247dbf00ad9f5a3bbd567778550b02299e3773e
  StripePaymentSheet: cf8d2caa4b535e9678f3b6d5aa0da98ccfc76f41
  StripePaymentsUI: 5dcbc863e9e971ed230d8dd14951ccb63397cd78
  StripeUICore: d4528b5b5f24a9f444a60e6ee7149b82699a0dad

PODFILE CHECKSUM: 379c19362e0d5a3fd5e4691b9a45a6bbc429b589

COCOAPODS: 1.16.2
