PODS:
  - Capacitor (6.1.0):
    - CapacitorCordova
  - CapacitorAdmobAds (5.0.0):
    - Capacitor
  - CapacitorApp (6.0.0):
    - Capacitor
  - CapacitorBrowser (6.0.1):
    - Capacitor
  - CapacitorCordova (6.1.0)
  - CapacitorPushNotifications (6.0.1):
    - Capacitor
  - CapacitorSplashScreen (6.0.1):
    - Capacitor
  - SaundappKeyboard (6.0.3):
    - Capacitor
  - Sentry/HybridSDK (8.21.0):
    - SentryPrivate (= 8.21.0)
  - SentryCapacitor (0.18.0):
    - Capacitor
    - Sentry/HybridSDK (= 8.21.0)
  - SentryPrivate (8.21.0)

DEPENDENCIES:
  - "Capacitor (from `../../../node_modules/@capacitor/ios`)"
  - CapacitorAdmobAds (from `../../../node_modules/capacitor-admob-ads`)
  - "CapacitorApp (from `../../../node_modules/@capacitor/app`)"
  - "CapacitorBrowser (from `../../../node_modules/@capacitor/browser`)"
  - "CapacitorCordova (from `../../../node_modules/@capacitor/ios`)"
  - "CapacitorPushNotifications (from `../../../node_modules/@capacitor/push-notifications`)"
  - "CapacitorSplashScreen (from `../../../node_modules/@capacitor/splash-screen`)"
  - "SaundappKeyboard (from `../../../node_modules/@saundapp/keyboard`)"
  - "SentryCapacitor (from `../../../node_modules/@sentry/capacitor`)"

SPEC REPOS:
  trunk:
    - Sentry
    - SentryPrivate

EXTERNAL SOURCES:
  Capacitor:
    :path: "../../../node_modules/@capacitor/ios"
  CapacitorAdmobAds:
    :path: "../../../node_modules/capacitor-admob-ads"
  CapacitorApp:
    :path: "../../../node_modules/@capacitor/app"
  CapacitorBrowser:
    :path: "../../../node_modules/@capacitor/browser"
  CapacitorCordova:
    :path: "../../../node_modules/@capacitor/ios"
  CapacitorPushNotifications:
    :path: "../../../node_modules/@capacitor/push-notifications"
  CapacitorSplashScreen:
    :path: "../../../node_modules/@capacitor/splash-screen"
  SaundappKeyboard:
    :path: "../../../node_modules/@saundapp/keyboard"
  SentryCapacitor:
    :path: "../../../node_modules/@sentry/capacitor"

SPEC CHECKSUMS:
  Capacitor: 187bd7847b6f71467015a20200a1a071be3e5f14
  CapacitorAdmobAds: 28832a94a5c7465fc2ce3e31be13442b87425944
  CapacitorApp: 9d53aec7101f7b030a950c5bdc4df8612576b279
  CapacitorBrowser: 473c7fd70ddbe541608ff09ec1be14da0078279e
  CapacitorCordova: be703980ca797f847c3356f78fa175d21c8330c2
  CapacitorPushNotifications: 293fabe42c7229756078e81f2d3a60394ba4e5d8
  CapacitorSplashScreen: 61645214e8f955ff2b80f16a6a3648960fe4c89f
  SaundappKeyboard: 0f4c315fb914ffcd3ca27b96da78d8221c0a5d0e
  Sentry: ebc12276bd17613a114ab359074096b6b3725203
  SentryCapacitor: 170d8b96ba195cead4dc60eaf5c42aacf97ff1d3
  SentryPrivate: d651efb234cf385ec9a1cdd3eff94b5e78a0e0fe

PODFILE CHECKSUM: 87ae23c43a43bad9b8f5e8e2bb8f9add90183e0f

COCOAPODS: 1.15.2
